{
  "definitions": [
    {
      "protopath": "InterSCMProtocol.proto",
      "def": {
        "messages": [
          {
            "name": "CopyDBCheckpointRequestProto",
            "fields": [
              {
                "id": 1,
                "name": "flush",
                "type": "bool",
                "required": true
              }
            ]
          },
          {
            "name": "CopyDBCheckpointResponseProto",
            "fields": [
              {
                "id": 1,
                "name": "clusterId",
                "type": "string",
                "required": true
              },
              {
                "id": 2,
                "name": "len",
                "type": "uint64",
                "required": true
              },
              {
                "id": 3,
                "name": "eof",
                "type": "bool",
                "required": true
              },
              {
                "id": 4,
                "name": "data",
                "type": "bytes",
                "required": true
              },
              {
                "id": 6,
                "name": "readOffset",
                "type": "uint64",
                "required": true
              },
              {
                "id": 7,
                "name": "checksum",
                "type": "int64",
                "optional": true
              }
            ]
          }
        ],
        "services": [
          {
            "name": "InterSCMProtocolService",
            "rpcs": [
              {
                "name": "download",
                "in_type": "CopyDBCheckpointRequestProto",
                "out_type": "CopyDBCheckpointResponseProto",
                "out_streamed": true
              }
            ]
          }
        ],
        "package": {
          "name": "hadoop.hdds.security"
        },
        "options": [
          {
            "name": "java_package",
            "value": "org.apache.hadoop.hdds.protocol.scm.proto"
          },
          {
            "name": "java_outer_classname",
            "value": "InterSCMProtocolProtos"
          },
          {
            "name": "java_generate_equals_and_hash",
            "value": "true"
          }
        ]
      }
    },
    {
      "protopath": "SCMRatisProtocol.proto",
      "def": {
        "enums": [
          {
            "name": "RequestType",
            "enum_fields": [
              {
                "name": "PIPELINE",
                "integer": 1
              },
              {
                "name": "CONTAINER",
                "integer": 2
              },
              {
                "name": "BLOCK",
                "integer": 3
              },
              {
                "name": "SEQUENCE_ID",
                "integer": 4
              },
              {
                "name": "CERT_STORE",
                "integer": 5
              },
              {
                "name": "MOVE",
                "integer": 6
              },
              {
                "name": "STATEFUL_SERVICE_CONFIG",
                "integer": 7
              },
              {
                "name": "FINALIZE",
                "integer": 8
              },
              {
                "name": "SECRET_KEY",
                "integer": 9
              },
              {
                "name": "CERT_ROTATE",
                "integer": 10
              }
            ]
          }
        ],
        "messages": [
          {
            "name": "Method",
            "fields": [
              {
                "id": 1,
                "name": "name",
                "type": "string",
                "required": true
              },
              {
                "id": 2,
                "name": "args",
                "type": "MethodArgument",
                "is_repeated": true
              }
            ]
          },
          {
            "name": "MethodArgument",
            "fields": [
              {
                "id": 1,
                "name": "type",
                "type": "string",
                "required": true
              },
              {
                "id": 2,
                "name": "value",
                "type": "bytes",
                "required": true
              }
            ]
          },
          {
            "name": "ListArgument",
            "fields": [
              {
                "id": 1,
                "name": "type",
                "type": "string",
                "required": true
              },
              {
                "id": 2,
                "name": "value",
                "type": "bytes",
                "is_repeated": true
              }
            ]
          },
          {
            "name": "SCMRatisRequestProto",
            "fields": [
              {
                "id": 1,
                "name": "type",
                "type": "RequestType",
                "required": true
              },
              {
                "id": 2,
                "name": "method",
                "type": "Method",
                "required": true
              }
            ]
          },
          {
            "name": "SCMRatisResponseProto",
            "fields": [
              {
                "id": 2,
                "name": "type",
                "type": "string",
                "required": true
              },
              {
                "id": 3,
                "name": "value",
                "type": "bytes",
                "required": true
              }
            ]
          }
        ],
        "package": {
          "name": "hadoop.hdds.security"
        },
        "options": [
          {
            "name": "java_package",
            "value": "org.apache.hadoop.hdds.protocol.proto"
          },
          {
            "name": "java_outer_classname",
            "value": "SCMRatisProtocol"
          },
          {
            "name": "java_generate_equals_and_hash",
            "value": "true"
          }
        ]
      }
    },
    {
      "protopath": "SCMUpdateProtocol.proto",
      "def": {
        "enums": [
          {
            "name": "Type",
            "enum_fields": [
              {
                "name": "CRLUpdate",
                "integer": 1
              },
              {
                "name": "PipelineUpdate",
                "integer": 2
              }
            ]
          }
        ],
        "messages": [
          {
            "name": "CRLInfoProto",
            "fields": [
              {
                "id": 1,
                "name": "x509CRL",
                "type": "string",
                "required": true
              },
              {
                "id": 2,
                "name": "creationTimestamp",
                "type": "uint64",
                "required": true
              },
              {
                "id": 3,
                "name": "crlSequenceID",
                "type": "int64",
                "required": true
              }
            ]
          },
          {
            "name": "ClientId",
            "fields": [
              {
                "id": 1,
                "name": "msb",
                "type": "int64",
                "required": true
              },
              {
                "id": 2,
                "name": "lsb",
                "type": "int64",
                "required": true
              }
            ]
          },
          {
            "name": "SubscribeRequest",
            "fields": [
              {
                "id": 1,
                "name": "hostname",
                "type": "string",
                "optional": true
              }
            ]
          },
          {
            "name": "SubscribeResponse",
            "fields": [
              {
                "id": 1,
                "name": "clientId",
                "type": "ClientId",
                "required": true
              }
            ]
          },
          {
            "name": "UpdateRequest",
            "fields": [
              {
                "id": 1,
                "name": "updateType",
                "type": "Type",
                "required": true
              },
              {
                "id": 2,
                "name": "traceID",
                "type": "string",
                "optional": true
              },
              {
                "id": 3,
                "name": "clientId",
                "type": "ClientId",
                "required": true
              },
              {
                "id": 4,
                "name": "crlUpdateRequest",
                "type": "CRLUpdateRequest",
                "optional": true
              }
            ]
          },
          {
            "name": "UpdateResponse",
            "fields": [
              {
                "id": 1,
                "name": "updateType",
                "type": "Type",
                "required": true
              },
              {
                "id": 2,
                "name": "traceID",
                "type": "string",
                "optional": true
              },
              {
                "id": 3,
                "name": "crlUpdateResponse",
                "type": "CRLUpdateResponse",
                "optional": true
              }
            ]
          },
          {
            "name": "CRLUpdateRequest",
            "fields": [
              {
                "id": 1,
                "name": "receivedCrlId",
                "type": "int64",
                "required": true
              },
              {
                "id": 2,
                "name": "pendingCrlIds",
                "type": "int64",
                "is_repeated": true
              }
            ]
          },
          {
            "name": "CRLUpdateResponse",
            "fields": [
              {
                "id": 1,
                "name": "crlInfo",
                "type": "CRLInfoProto",
                "optional": true
              }
            ]
          },
          {
            "name": "UnsubscribeRequest",
            "fields": [
              {
                "id": 1,
                "name": "clientId",
                "type": "ClientId",
                "required": true
              }
            ]
          },
          {
            "name": "UnsubscribeResponse"
          }
        ],
        "services": [
          {
            "name": "SCMUpdateService",
            "rpcs": [
              {
                "name": "subscribe",
                "in_type": "SubscribeRequest",
                "out_type": "SubscribeResponse"
              },
              {
                "name": "updateStatus",
                "in_type": "UpdateRequest",
                "out_type": "UpdateResponse",
                "in_streamed": true,
                "out_streamed": true
              },
              {
                "name": "unsubscribe",
                "in_type": "UnsubscribeRequest",
                "out_type": "UnsubscribeResponse"
              }
            ]
          }
        ],
        "package": {
          "name": "hadoop.hdds.scm"
        },
        "options": [
          {
            "name": "java_package",
            "value": "org.apache.hadoop.hdds.protocol.scm.proto"
          },
          {
            "name": "java_outer_classname",
            "value": "SCMUpdateServiceProtos"
          },
          {
            "name": "java_generate_equals_and_hash",
            "value": "true"
          },
          {
            "name": "java_generic_services",
            "value": "true"
          }
        ]
      }
    }
  ]
}
